# This file is automatically @generated by Cargo.
# It is not intended for manual editing.
version = 3

[[package]]
name = "e2e-basic-parser"
version = "0.0.0"
dependencies = [
 "sherpa_build",
 "sherpa_rust_runtime",
]

[[package]]
name = "sherpa_ascript"
version = "1.0.0-beta1"
dependencies = [
 "sherpa_core",
 "sherpa_rust_runtime",
]

[[package]]
name = "sherpa_ascript_beta"
version = "1.0.0-beta1"
dependencies = [
 "sherpa_core",
 "sherpa_formatter",
 "sherpa_rust_runtime",
]

[[package]]
name = "sherpa_build"
version = "0.0.0"
dependencies = [
 "sherpa_ascript",
 "sherpa_ascript_beta",
 "sherpa_bytecode",
 "sherpa_core",
 "sherpa_formatter",
 "sherpa_rust_runtime",
]

[[package]]
name = "sherpa_bytecode"
version = "1.0.0-beta1"
dependencies = [
 "sherpa_core",
 "sherpa_rust_runtime",
]

[[package]]
name = "sherpa_core"
version = "1.0.0-beta2"
dependencies = [
 "sherpa_rust_runtime",
]

[[package]]
name = "sherpa_formatter"
version = "1.0.0-beta1"
dependencies = [
 "sherpa_core",
 "sherpa_rust_runtime",
]

[[package]]
name = "sherpa_rust_runtime"
version = "1.0.0-beta1"
