# This file is automatically @generated by Cargo.
# It is not intended for manual editing.
version = 3

[[package]]
name = "e2e-basic-parser"
version = "0.0.0"
dependencies = [
 "radlr_build",
 "radlr_rust_runtime",
]

[[package]]
name = "radlr_ascript"
version = "1.0.0-beta1"
dependencies = [
 "radlr_core",
 "radlr_rust_runtime",
]

[[package]]
name = "radlr_ascript_beta"
version = "1.0.0-beta1"
dependencies = [
 "radlr_core",
 "radlr_formatter",
 "radlr_rust_runtime",
]

[[package]]
name = "radlr_build"
version = "0.0.0"
dependencies = [
 "radlr_ascript",
 "radlr_ascript_beta",
 "radlr_bytecode",
 "radlr_core",
 "radlr_formatter",
 "radlr_rust_runtime",
]

[[package]]
name = "radlr_bytecode"
version = "1.0.0-beta1"
dependencies = [
 "radlr_core",
 "radlr_rust_runtime",
]

[[package]]
name = "radlr_core"
version = "1.0.0-beta2"
dependencies = [
 "radlr_rust_runtime",
]

[[package]]
name = "radlr_formatter"
version = "1.0.0-beta1"
dependencies = [
 "radlr_core",
 "radlr_rust_runtime",
]

[[package]]
name = "radlr_rust_runtime"
version = "1.0.0-beta1"
